
Microsoft Visual Studio Solution File, Format Version 12.00
# Visual Studio 14
VisualStudioVersion = 14.0.25420.1
MinimumVisualStudioVersion = 10.0.40219.1
Project("{FAE04EC0-301F-11D3-BF4B-00C04F79EFBC}") = "BUS", "BUS\BUS.csproj", "{19B5192F-0A43-4B94-8CEC-683BF4597E54}"
EndProject
Project("{FAE04EC0-301F-11D3-BF4B-00C04F79EFBC}") = "DAO", "DAO\DAO.csproj", "{EF61C53B-7A37-4DBF-AE06-17E5901DB742}"
EndProject
Project("{FAE04EC0-301F-11D3-BF4B-00C04F79EFBC}") = "GUI", "GUI\GUI.csproj", "{BCEE7808-D7F3-4616-ADD7-BA197F99AC97}"
EndProject
Project("{840C416C-B8F3-42BC-B0DD-F6BB14C9F8CB}") = "ElectronicShop", "ElectronicShop\ElectronicShop.aiproj", "{A43DE4DD-5BB8-48B4-9763-3151C914574D}"
EndProject
Global
	GlobalSection(SolutionConfigurationPlatforms) = preSolution
		All|Any CPU = All|Any CPU
		Debug|Any CPU = Debug|Any CPU
		Release|Any CPU = Release|Any CPU
	EndGlobalSection
	GlobalSection(ProjectConfigurationPlatforms) = postSolution
		{19B5192F-0A43-4B94-8CEC-683BF4597E54}.All|Any CPU.ActiveCfg = Release|Any CPU
		{19B5192F-0A43-4B94-8CEC-683BF4597E54}.All|Any CPU.Build.0 = Release|Any CPU
		{19B5192F-0A43-4B94-8CEC-683BF4597E54}.Debug|Any CPU.ActiveCfg = Debug|Any CPU
		{19B5192F-0A43-4B94-8CEC-683BF4597E54}.Debug|Any CPU.Build.0 = Debug|Any CPU
		{19B5192F-0A43-4B94-8CEC-683BF4597E54}.Release|Any CPU.ActiveCfg = Release|Any CPU
		{19B5192F-0A43-4B94-8CEC-683BF4597E54}.Release|Any CPU.Build.0 = Release|Any CPU
		{EF61C53B-7A37-4DBF-AE06-17E5901DB742}.All|Any CPU.ActiveCfg = Release|Any CPU
		{EF61C53B-7A37-4DBF-AE06-17E5901DB742}.All|Any CPU.Build.0 = Release|Any CPU
		{EF61C53B-7A37-4DBF-AE06-17E5901DB742}.Debug|Any CPU.ActiveCfg = Debug|Any CPU
		{EF61C53B-7A37-4DBF-AE06-17E5901DB742}.Debug|Any CPU.Build.0 = Debug|Any CPU
		{EF61C53B-7A37-4DBF-AE06-17E5901DB742}.Release|Any CPU.ActiveCfg = Release|Any CPU
		{EF61C53B-7A37-4DBF-AE06-17E5901DB742}.Release|Any CPU.Build.0 = Release|Any CPU
		{BCEE7808-D7F3-4616-ADD7-BA197F99AC97}.All|Any CPU.ActiveCfg = Release|Any CPU
		{BCEE7808-D7F3-4616-ADD7-BA197F99AC97}.All|Any CPU.Build.0 = Release|Any CPU
		{BCEE7808-D7F3-4616-ADD7-BA197F99AC97}.Debug|Any CPU.ActiveCfg = Debug|Any CPU
		{BCEE7808-D7F3-4616-ADD7-BA197F99AC97}.Debug|Any CPU.Build.0 = Debug|Any CPU
		{BCEE7808-D7F3-4616-ADD7-BA197F99AC97}.Release|Any CPU.ActiveCfg = Release|Any CPU
		{BCEE7808-D7F3-4616-ADD7-BA197F99AC97}.Release|Any CPU.Build.0 = Release|Any CPU
		{A43DE4DD-5BB8-48B4-9763-3151C914574D}.All|Any CPU.ActiveCfg = DefaultBuild
		{A43DE4DD-5BB8-48B4-9763-3151C914574D}.All|Any CPU.Build.0 = DefaultBuild
		{A43DE4DD-5BB8-48B4-9763-3151C914574D}.Debug|Any CPU.ActiveCfg = DefaultBuild
		{A43DE4DD-5BB8-48B4-9763-3151C914574D}.Debug|Any CPU.Build.0 = DefaultBuild
		{A43DE4DD-5BB8-48B4-9763-3151C914574D}.Release|Any CPU.ActiveCfg = DefaultBuild
		{A43DE4DD-5BB8-48B4-9763-3151C914574D}.Release|Any CPU.Build.0 = DefaultBuild
	EndGlobalSection
	GlobalSection(SolutionProperties) = preSolution
		HideSolutionNode = FALSE
	EndGlobalSection
EndGlobal
